
Microsoft Visual Studio Solution File, Format Version 12.00
# Visual Studio Version 16
VisualStudioVersion = 16.0.29728.190
MinimumVisualStudioVersion = 10.0.40219.1
Project("{FAE04EC0-301F-11D3-BF4B-00C04F79EFBC}") = "lab_13", "lab_13\lab_13.csproj", "{ED740403-58B8-4FA3-9C75-5FE954378A41}"
EndProject
Global
	GlobalSection(SolutionConfigurationPlatforms) = preSolution
		Debug|Any CPU = Debug|Any CPU
		Release|Any CPU = Release|Any CPU
	EndGlobalSection
	GlobalSection(ProjectConfigurationPlatforms) = postSolution
		{ED740403-58B8-4FA3-9C75-5FE954378A41}.Debug|Any CPU.ActiveCfg = Debug|Any CPU
		{ED740403-58B8-4FA3-9C75-5FE954378A41}.Debug|Any CPU.Build.0 = Debug|Any CPU
		{ED740403-58B8-4FA3-9C75-5FE954378A41}.Release|Any CPU.ActiveCfg = Release|Any CPU
		{ED740403-58B8-4FA3-9C75-5FE954378A41}.Release|Any CPU.Build.0 = Release|Any CPU
	EndGlobalSection
	GlobalSection(SolutionProperties) = preSolution
		HideSolutionNode = FALSE
	EndGlobalSection
	GlobalSection(ExtensibilityGlobals) = postSolution
		SolutionGuid = {B39FD252-F07E-423E-BCEE-D6ED14D3AFDB}
	EndGlobalSection
EndGlobal
